lockfileVersion: '6.0'

settings:
  autoInstallPeers: true
  excludeLinksFromLockfile: false

dependencies:
  node-ts:
    specifier: ^6.0.1
    version: 6.0.1
  tevm:
    specifier: 1.0.0-next.39
    version: 1.0.0-next.39(typescript@5.3.3)

devDependencies:
  '@types/node':
    specifier: ^20.11.17
    version: 20.11.19
  ts-node:
    specifier: ^10.9.2
    version: 10.9.2(@types/node@20.11.19)(typescript@5.3.3)
  typescript:
    specifier: ^5.3.3
    version: 5.3.3

packages:

  /@adraffy/ens-normalize@1.10.0:
    resolution: {integrity: sha512-nA9XHtlAkYfJxY7bce8DcN7eKxWWCWkU+1GR9d+U6MbNpfwQp8TI7vqOsBsMcHoT4mBu2kypKoSKnghEzOOq5Q==}
    dev: false

  /@cspotcode/source-map-support@0.8.1:
    resolution: {integrity: sha512-IchNf6dN4tHoMFIn/7OE8LWZ19Y6q/67Bmf6vnGREv8RSbBVb9LPJxEcnwrcwX6ixSvaiGoomAUvu4YSxXrVgw==}
    engines: {node: '>=12'}
    dependencies:
      '@jridgewell/trace-mapping': 0.3.9
    dev: true

  /@ethereumjs/block@5.1.1:
    resolution: {integrity: sha512-YRu5vzL+cCqr/0anGkgrMB/wLGmIbFrwLRFazAIXijb0VkxPqjWI2fMLhB4B8pOV6Xlp07jfjr25fLOAIzYYqA==}
    engines: {node: '>=18'}
    dependencies:
      '@ethereumjs/common': 4.2.0
      '@ethereumjs/rlp': 5.0.2
      '@ethereumjs/trie': 6.1.1
      '@ethereumjs/tx': 5.2.1
      '@ethereumjs/util': 9.0.2
      ethereum-cryptography: 2.1.3
    transitivePeerDependencies:
      - c-kzg
      - supports-color
    dev: false

  /@ethereumjs/blockchain@7.1.0:
    resolution: {integrity: sha512-wqHZdlnjAwwH+AH6IBjSs7uQ/2UhEfFRs79OfPN8XHBoCGxCikSgjvN6v7XWl8nHUdfZFQk6LpEVkruNx5wF3A==}
    engines: {node: '>=18'}
    dependencies:
      '@ethereumjs/block': 5.1.1
      '@ethereumjs/common': 4.2.0
      '@ethereumjs/ethash': 3.0.2
      '@ethereumjs/rlp': 5.0.2
      '@ethereumjs/trie': 6.1.1
      '@ethereumjs/tx': 5.2.1
      '@ethereumjs/util': 9.0.2
      debug: 4.3.4
      ethereum-cryptography: 2.1.3
      lru-cache: 10.2.0
    transitivePeerDependencies:
      - c-kzg
      - supports-color
    dev: false

  /@ethereumjs/common@4.2.0:
    resolution: {integrity: sha512-UWqovZQksxEY9cU+s1cF3JwFyJdKrJsURM+ORHpZZLQfsqQf+1uGbD3N0AvQ7M+Jz/LxkiVY98+Cd3OMzsrOcA==}
    dependencies:
      '@ethereumjs/util': 9.0.2
    transitivePeerDependencies:
      - c-kzg
    dev: false

  /@ethereumjs/ethash@3.0.2:
    resolution: {integrity: sha512-iJEH63xudwzSYxYb81RX2Mf2+Wkuu6P7ism29wpM7fxQE+pcI9S6V65CaITprH98SAZjuMrZU6ZGHDGbqolSkg==}
    engines: {node: '>=18'}
    dependencies:
      '@ethereumjs/block': 5.1.1
      '@ethereumjs/rlp': 5.0.2
      '@ethereumjs/util': 9.0.2
      bigint-crypto-utils: 3.3.0
      ethereum-cryptography: 2.1.3
    transitivePeerDependencies:
      - c-kzg
      - supports-color
    dev: false

  /@ethereumjs/evm@2.2.1:
    resolution: {integrity: sha512-equF3QqssDgfZyVDEoMqJUsMCjO9SwgFdpUTc7yHFOU74X43l/MHM+Cqdey+wcBhdU2yOwD9S2AbW6wh7tDYfQ==}
    engines: {node: '>=18'}
    dependencies:
      '@ethereumjs/common': 4.2.0
      '@ethereumjs/statemanager': 2.2.2
      '@ethereumjs/tx': 5.2.1
      '@ethereumjs/util': 9.0.2
      '@types/debug': 4.1.12
      debug: 4.3.4
      ethereum-cryptography: 2.1.3
      rustbn-wasm: 0.2.0
    transitivePeerDependencies:
      - c-kzg
      - supports-color
    dev: false

  /@ethereumjs/rlp@5.0.2:
    resolution: {integrity: sha512-DziebCdg4JpGlEqEdGgXmjqcFoJi+JGulUXwEjsZGAscAQ7MyD/7LE/GVCP29vEQxKc7AAwjT3A2ywHp2xfoCA==}
    engines: {node: '>=18'}
    hasBin: true
    dev: false

  /@ethereumjs/statemanager@2.2.2:
    resolution: {integrity: sha512-4CxZgsL0M3hePXEQjrvXasGrGxGNMhURWb6i0UPCynPogR9PT7AD1pq80IYJ5vSd5PvIqvw7BtqSOgJGdQrBHw==}
    dependencies:
      '@ethereumjs/common': 4.2.0
      '@ethereumjs/rlp': 5.0.2
      '@ethereumjs/trie': 6.1.1
      '@ethereumjs/util': 9.0.2
      '@ethereumjs/verkle': 0.0.1
      debug: 4.3.4
      ethereum-cryptography: 2.1.3
      js-sdsl: 4.4.2
      lru-cache: 10.2.0
    transitivePeerDependencies:
      - c-kzg
      - supports-color
    dev: false

  /@ethereumjs/trie@6.1.1:
    resolution: {integrity: sha512-FwHnyUok4cDTueOfIarE4n0QJs3mFjSnSENMgsd07HzL5oEuxal3aN51MBP392czj5mordNCim1YVP4oE14I3A==}
    engines: {node: '>=18'}
    dependencies:
      '@ethereumjs/rlp': 5.0.2
      '@ethereumjs/util': 9.0.2
      '@types/readable-stream': 2.3.15
      debug: 4.3.4
      ethereum-cryptography: 2.1.3
      lru-cache: 10.2.0
      readable-stream: 3.6.2
    transitivePeerDependencies:
      - c-kzg
      - supports-color
    dev: false

  /@ethereumjs/tx@5.2.1:
    resolution: {integrity: sha512-BzdtUaa7KtP8T5NxJWRxo/RBoJzxYeCdx2n2C4zZLuWJBYVccfcyMiyDgr6W78Utmu/jIfGXknfh2t06+rTkiw==}
    engines: {node: '>=18'}
    peerDependencies:
      c-kzg: ^2.1.2
    peerDependenciesMeta:
      c-kzg:
        optional: true
    dependencies:
      '@ethereumjs/common': 4.2.0
      '@ethereumjs/rlp': 5.0.2
      '@ethereumjs/util': 9.0.2
      ethereum-cryptography: 2.1.3
    dev: false

  /@ethereumjs/util@9.0.2:
    resolution: {integrity: sha512-dasKCj6Vb5spVPnNmRDFHmbfBySvokE440F0RDroPLzO4Mb4hyDqeoOMUxlbLz/BscK2pOpWUendGA+AOvGpNQ==}
    engines: {node: '>=18'}
    peerDependencies:
      c-kzg: ^2.1.2
    peerDependenciesMeta:
      c-kzg:
        optional: true
    dependencies:
      '@ethereumjs/rlp': 5.0.2
      ethereum-cryptography: 2.1.3
    dev: false

  /@ethereumjs/verkle@0.0.1:
    resolution: {integrity: sha512-w1FXJV8t+1yAbSR5n9kpuS6tN4+XXyptWYdSKFdHNQAt9Ie2H5leaEL2ufClA6B6KxaF8FMyMe/VhHn8xdw+uQ==}
    engines: {node: '>=18'}
    dependencies:
      '@ethereumjs/rlp': 5.0.2
      '@ethereumjs/util': 9.0.2
      lru-cache: 10.2.0
      rust-verkle-wasm: 0.0.1
    transitivePeerDependencies:
      - c-kzg
    dev: false

  /@ethereumjs/vm@7.2.1:
    resolution: {integrity: sha512-exmyhDPlfiBtV/nIPY7gE5iu3QC62F7hf/fALLgQaUS8ezxmJQG2MRaFI1eqYwvsAhfNBfst7K6KcCE4jbGbhw==}
    engines: {node: '>=18'}
    dependencies:
      '@ethereumjs/block': 5.1.1
      '@ethereumjs/blockchain': 7.1.0
      '@ethereumjs/common': 4.2.0
      '@ethereumjs/evm': 2.2.1
      '@ethereumjs/rlp': 5.0.2
      '@ethereumjs/statemanager': 2.2.2
      '@ethereumjs/trie': 6.1.1
      '@ethereumjs/tx': 5.2.1
      '@ethereumjs/util': 9.0.2
      debug: 4.3.4
      ethereum-cryptography: 2.1.3
    transitivePeerDependencies:
      - c-kzg
      - supports-color
    dev: false

  /@jridgewell/resolve-uri@3.1.2:
    resolution: {integrity: sha512-bRISgCIjP20/tbWSPWMEi54QVPRZExkuD9lJL+UIxUKtwVJA8wW1Trb1jMs1RFXo1CBTNZ/5hpC9QvmKWdopKw==}
    engines: {node: '>=6.0.0'}
    dev: true

  /@jridgewell/sourcemap-codec@1.4.15:
    resolution: {integrity: sha512-eF2rxCRulEKXHTRiDrDy6erMYWqNw4LPdQ8UQA4huuxaQsVeRPFl2oM8oDGxMFhJUWZf9McpLtJasDDZb/Bpeg==}
    dev: true

  /@jridgewell/trace-mapping@0.3.9:
    resolution: {integrity: sha512-3Belt6tdc8bPgAtbcmdtNJlirVoTmEb5e2gC94PnkwEW9jI6CAHUeoG85tjWP5WquqfavoMtMwiG4P926ZKKuQ==}
    dependencies:
      '@jridgewell/resolve-uri': 3.1.2
      '@jridgewell/sourcemap-codec': 1.4.15
    dev: true

  /@noble/curves@1.2.0:
    resolution: {integrity: sha512-oYclrNgRaM9SsBUBVbb8M6DTV7ZHRTKugureoYEncY5c65HOmRzvSiTE3y5CYaPYJA/GVkrhXEoF0M3Ya9PMnw==}
    dependencies:
      '@noble/hashes': 1.3.2
    dev: false

  /@noble/curves@1.3.0:
    resolution: {integrity: sha512-t01iSXPuN+Eqzb4eBX0S5oubSqXbK/xXa1Ne18Hj8f9pStxztHCE2gfboSp/dZRLSqfuLpRK2nDXDK+W9puocA==}
    dependencies:
      '@noble/hashes': 1.3.3
    dev: false

  /@noble/hashes@1.3.2:
    resolution: {integrity: sha512-MVC8EAQp7MvEcm30KWENFjgR+Mkmf+D189XJTkFIlwohU5hcBbn1ZkKq7KVTi2Hme3PMGF390DaL52beVrIihQ==}
    engines: {node: '>= 16'}
    dev: false

  /@noble/hashes@1.3.3:
    resolution: {integrity: sha512-V7/fPHgl+jsVPXqqeOzT8egNj2iBIVt+ECeMMG8TdcnTikP3oaBtUVqpT/gYCR68aEBJSF+XbYUxStjbFMqIIA==}
    engines: {node: '>= 16'}
    dev: false

  /@rauschma/stringio@1.4.0:
    resolution: {integrity: sha512-3uor2f/MXZkmX5RJf8r+OC3WvZVzpSme0yyL0rQDPEnatE02qRcqwEwnsgpgriEck0S/n4vWtUd6tTtrJwk45Q==}
    dependencies:
      '@types/node': 10.17.60
    dev: false

  /@scure/base@1.1.5:
    resolution: {integrity: sha512-Brj9FiG2W1MRQSTB212YVPRrcbjkv48FoZi/u4l/zds/ieRrqsh7aUf6CLwkAq61oKXr/ZlTzlY66gLIj3TFTQ==}
    dev: false

  /@scure/bip32@1.3.2:
    resolution: {integrity: sha512-N1ZhksgwD3OBlwTv3R6KFEcPojl/W4ElJOeCZdi+vuI5QmTFwLq3OFf2zd2ROpKvxFdgZ6hUpb0dx9bVNEwYCA==}
    dependencies:
      '@noble/curves': 1.2.0
      '@noble/hashes': 1.3.2
      '@scure/base': 1.1.5
    dev: false

  /@scure/bip32@1.3.3:
    resolution: {integrity: sha512-LJaN3HwRbfQK0X1xFSi0Q9amqOgzQnnDngIt+ZlsBC3Bm7/nE7K0kwshZHyaru79yIVRv/e1mQAjZyuZG6jOFQ==}
    dependencies:
      '@noble/curves': 1.3.0
      '@noble/hashes': 1.3.3
      '@scure/base': 1.1.5
    dev: false

  /@scure/bip39@1.2.1:
    resolution: {integrity: sha512-Z3/Fsz1yr904dduJD0NpiyRHhRYHdcnyh73FZWiV+/qhWi83wNJ3NWolYqCEN+ZWsUz2TWwajJggcRE9r1zUYg==}
    dependencies:
      '@noble/hashes': 1.3.2
      '@scure/base': 1.1.5
    dev: false

  /@scure/bip39@1.2.2:
    resolution: {integrity: sha512-HYf9TUXG80beW+hGAt3TRM8wU6pQoYur9iNypTROm42dorCGmLnFe3eWjz3gOq6G62H2WRh0FCzAR1PI+29zIA==}
    dependencies:
      '@noble/hashes': 1.3.3
      '@scure/base': 1.1.5
    dev: false

  /@tevm/actions-types@1.0.0-next.39:
    resolution: {integrity: sha512-tYOWT+MkbpgUqZB+aGrxXJEOSrc4dORe6kir28T0ezxFr3SsBEj46LZST46DfltEmaq62YcU/GWsUiGPEB+ysQ==}
    dev: false

  /@tevm/actions@1.0.0-next.39(typescript@5.3.3):
    resolution: {integrity: sha512-xX2mv1EZynCyzJGdreM2eMtwWXOQH6dz9c3vI01HmOm7jMR/5njA0YE0jcZFUs9W2IjBTiLm8LM9w3f+AJBmWQ==}
    dependencies:
      '@tevm/jsonrpc': 1.0.0-next.28
      '@tevm/utils': 1.0.0-next.39(typescript@5.3.3)
      '@tevm/vm': 1.0.0-next.39(typescript@5.3.3)
      '@tevm/zod': 1.0.0-next.39(typescript@5.3.3)
    transitivePeerDependencies:
      - bufferutil
      - c-kzg
      - supports-color
      - typescript
      - utf-8-validate
      - zod
    dev: false

  /@tevm/base-client@1.0.0-next.39(typescript@5.3.3):
    resolution: {integrity: sha512-c5dfaqDHninxY91DyQpiNPR2W9Y+M50aX8WyLb2ExUuGqPyzmLIea/p7v8wvvpZRWAuwbb9N3Yz8951rkdA7VA==}
    dependencies:
      '@tevm/blockchain': 1.0.0-next.39
      '@tevm/common': 1.0.0-next.39
      '@tevm/evm': 1.0.0-next.39(typescript@5.3.3)
      '@tevm/jsonrpc': 1.0.0-next.28
      '@tevm/predeploys': 1.0.0-next.39(typescript@5.3.3)
      '@tevm/state': 1.0.0-next.39(typescript@5.3.3)
      '@tevm/utils': 1.0.0-next.39(typescript@5.3.3)
      '@tevm/vm': 1.0.0-next.39(typescript@5.3.3)
    transitivePeerDependencies:
      - bufferutil
      - c-kzg
      - supports-color
      - typescript
      - utf-8-validate
      - zod
    dev: false

  /@tevm/blockchain@1.0.0-next.39:
    resolution: {integrity: sha512-QbEH7ApDhTVhXS7ATTU+GAlQK36wKO19b/PbbN9uBLYzH09SZaI+JeVdFawBiyoBkuRlazDXTeGm3vker7m46A==}
    dependencies:
      '@ethereumjs/block': 5.1.1
      '@ethereumjs/blockchain': 7.1.0
      '@ethereumjs/common': 4.2.0
      '@ethereumjs/trie': 6.1.1
      '@ethereumjs/util': 9.0.2
    transitivePeerDependencies:
      - c-kzg
      - supports-color
    dev: false

  /@tevm/client-types@1.0.0-next.39(typescript@5.3.3):
    resolution: {integrity: sha512-Nf7cRmhr4FCNsJxXKrE9fjQD2L8l6DsXjalHXKJv6bm902nG8SNgodphuItUEOP8ftfTou7qzbibUfazW9dZ+A==}
    dependencies:
      '@tevm/utils': 1.0.0-next.39(typescript@5.3.3)
    transitivePeerDependencies:
      - bufferutil
      - c-kzg
      - typescript
      - utf-8-validate
      - zod
    dev: false

  /@tevm/common@1.0.0-next.39:
    resolution: {integrity: sha512-vMmoXHvslN2HocgsCZIq1y5YRK54tRarMYGb/C90xlYdeMoDD8TLkaSnH0i6DnR9EO1VffWlPPH/5dwgvhaV2w==}
    dependencies:
      '@ethereumjs/common': 4.2.0
    transitivePeerDependencies:
      - c-kzg
    dev: false

  /@tevm/contract@1.0.0-next.39(typescript@5.3.3):
    resolution: {integrity: sha512-XFm7Yu+b7aWjJW/yBxlJsqKksclkwOqln9grG82UWNQPuox4I7nJKc3UcSm57DYNwWwKaWoGO7ZjZu8aVsj4CQ==}
    dependencies:
      '@tevm/utils': 1.0.0-next.39(typescript@5.3.3)
    transitivePeerDependencies:
      - bufferutil
      - c-kzg
      - typescript
      - utf-8-validate
      - zod
    dev: false

  /@tevm/decorators@1.0.0-next.39(typescript@5.3.3):
    resolution: {integrity: sha512-N6nYbg2E5rqfJ5+UtavZKChMU/58DSmhdfMg4HuKnHd2u7UrTGmjlynwlBogM70vm7oTlKhreATaiBKlXRCPcQ==}
    dependencies:
      '@tevm/actions': 1.0.0-next.39(typescript@5.3.3)
      '@tevm/actions-types': 1.0.0-next.39
      '@tevm/procedures': 1.0.0-next.39(typescript@5.3.3)
    transitivePeerDependencies:
      - bufferutil
      - c-kzg
      - supports-color
      - typescript
      - utf-8-validate
      - zod
    dev: false

  /@tevm/errors@1.0.0-next.28:
    resolution: {integrity: sha512-f/sm6ap/fwMVmT8BUW1CHWyWmUfvU64mXOvkDcQOvw8FHIG5LiVTvlka6SvaQOdG9gfEjrXvVFIdRWi4xQTmaw==}
    dev: false

  /@tevm/evm@1.0.0-next.39(typescript@5.3.3):
    resolution: {integrity: sha512-G0uohmKIG7Hz2poQZlPm6CNFANrcgHlYAjSmZ8vudbroOyL6GvEggWGlQ7OtTQAWd5UHEt2Tcin3BZfJ6SM3sQ==}
    dependencies:
      '@ethereumjs/evm': 2.2.1
      '@tevm/blockchain': 1.0.0-next.39
      '@tevm/common': 1.0.0-next.39
      '@tevm/predeploys': 1.0.0-next.39(typescript@5.3.3)
    transitivePeerDependencies:
      - bufferutil
      - c-kzg
      - supports-color
      - typescript
      - utf-8-validate
      - zod
    dev: false

  /@tevm/http-client@1.0.0-next.39(typescript@5.3.3):
    resolution: {integrity: sha512-yCBJ4DIOGPIf5nRm+gwUG4SBZ7tAVMaT0ugr1Ssrvf9Q7W+752f+P2UiUHeD9uky49smSYu39a8htHDaz95TgQ==}
    dependencies:
      '@tevm/contract': 1.0.0-next.39(typescript@5.3.3)
      '@tevm/viem': 1.0.0-next.39(viem@2.7.10)
      viem: 2.7.10(typescript@5.3.3)(zod@3.22.4)
    transitivePeerDependencies:
      - bufferutil
      - c-kzg
      - typescript
      - utf-8-validate
      - zod
    dev: false

  /@tevm/jsonrpc@1.0.0-next.28:
    resolution: {integrity: sha512-egcyJx1X429JkTuAEzybDaOwwP3dNadlr9ME5FxCWKvYTvJVRxqUkLfekztFx+DuSL4PvUExz+HV65FJaqU93Q==}
    dev: false

  /@tevm/memory-client@1.0.0-next.39(typescript@5.3.3):
    resolution: {integrity: sha512-0XMNtUKoBwWN0cp8QhwGBoSJzhY/J6KCoON/PcKUl94TWcFXBzGgunH8EqzuCQ7Z9IXtYGN1I723GrvUzH6vHw==}
    dependencies:
      '@ethereumjs/evm': 2.2.1
      '@ethereumjs/util': 9.0.2
      '@tevm/base-client': 1.0.0-next.39(typescript@5.3.3)
      '@tevm/contract': 1.0.0-next.39(typescript@5.3.3)
      '@tevm/decorators': 1.0.0-next.39(typescript@5.3.3)
      '@tevm/utils': 1.0.0-next.39(typescript@5.3.3)
    transitivePeerDependencies:
      - bufferutil
      - c-kzg
      - supports-color
      - typescript
      - utf-8-validate
      - zod
    dev: false

  /@tevm/precompiles@1.0.0-next.39(typescript@5.3.3):
    resolution: {integrity: sha512-JkywO4ZP2Pk8V9mjwiGYMbRVb2ZD04XOVwGzJxGLIc9/nPmy2eR3K1ZCTgytcLNk6BUWX8Pr2J97hpyD3V3IHw==}
    dependencies:
      '@ethereumjs/evm': 2.2.1
      '@tevm/contract': 1.0.0-next.39(typescript@5.3.3)
      '@tevm/utils': 1.0.0-next.39(typescript@5.3.3)
    transitivePeerDependencies:
      - bufferutil
      - c-kzg
      - supports-color
      - typescript
      - utf-8-validate
      - zod
    dev: false

  /@tevm/predeploys@1.0.0-next.39(typescript@5.3.3):
    resolution: {integrity: sha512-3mvXGSDN36hviSuyIuRFJMSo/QF/Gz3LLEV7f+COpE1pEhEiLfb8Qc7SIhBy0dKc1JJ+YeW7jFPGeA2pdSVAkA==}
    dependencies:
      '@ethereumjs/util': 9.0.2
      '@tevm/contract': 1.0.0-next.39(typescript@5.3.3)
      '@tevm/utils': 1.0.0-next.39(typescript@5.3.3)
    transitivePeerDependencies:
      - bufferutil
      - c-kzg
      - typescript
      - utf-8-validate
      - zod
    dev: false

  /@tevm/procedures-types@1.0.0-next.39(typescript@5.3.3):
    resolution: {integrity: sha512-DE1xRKZ++/fA3ZOHkGK29hBuXAFLcAgN+zi09TmMwnNDDMEVh6dy+1PaSMVhLsUeeN9O79hznrfHwmA4xfADtw==}
    dependencies:
      '@tevm/utils': 1.0.0-next.39(typescript@5.3.3)
    transitivePeerDependencies:
      - bufferutil
      - c-kzg
      - typescript
      - utf-8-validate
      - zod
    dev: false

  /@tevm/procedures@1.0.0-next.39(typescript@5.3.3):
    resolution: {integrity: sha512-ecopf2aPYhd7Qcj1mWZ0GutO0CBQGez4N4bJTgbup/1nPyxt4fndJ74yRSsDEt9Fj6UdzcG4UCUufjyWdwSZXg==}
    dependencies:
      '@ethereumjs/util': 9.0.2
      '@tevm/actions': 1.0.0-next.39(typescript@5.3.3)
    transitivePeerDependencies:
      - bufferutil
      - c-kzg
      - supports-color
      - typescript
      - utf-8-validate
      - zod
    dev: false

  /@tevm/server@1.0.0-next.39(typescript@5.3.3):
    resolution: {integrity: sha512-Sd7QDXdts1bdnMVJUpBKOiPjTrPX2X9i7GymhLIrjlxe4+qq5ZoM8ou4l+f1P+eAe6TYoOs1mVEsVveqGkpftg==}
    dependencies:
      '@tevm/utils': 1.0.0-next.39(typescript@5.3.3)
      '@tevm/zod': 1.0.0-next.39(typescript@5.3.3)
    transitivePeerDependencies:
      - bufferutil
      - c-kzg
      - typescript
      - utf-8-validate
      - zod
    dev: false

  /@tevm/state@1.0.0-next.39(typescript@5.3.3):
    resolution: {integrity: sha512-BpYnFq4nvCAmNhy7vodbZFoeE59blqQ1obcHicnGrsTetqcI0393jatlPB/sbP6GC4z9ZFocNlGHTttQfry5/g==}
    dependencies:
      '@ethereumjs/common': 4.2.0
      '@ethereumjs/statemanager': 2.2.2
      '@ethereumjs/trie': 6.1.1
      '@tevm/utils': 1.0.0-next.39(typescript@5.3.3)
      ethereum-cryptography: 2.1.3
      viem: 2.7.10(typescript@5.3.3)(zod@3.22.4)
    transitivePeerDependencies:
      - bufferutil
      - c-kzg
      - supports-color
      - typescript
      - utf-8-validate
      - zod
    dev: false

  /@tevm/utils@1.0.0-next.39(typescript@5.3.3):
    resolution: {integrity: sha512-FPN4ExwaS7BOJJyCTpY1WwRM/iNffGcvvaoOv6olgpi49Wk1/gazVxy58vK/Bypk/NZwj7g1lyzB6AYdNEUKFw==}
    dependencies:
      '@ethereumjs/util': 9.0.2
      abitype: 1.0.0(typescript@5.3.3)(zod@3.22.4)
      viem: 2.7.10(typescript@5.3.3)(zod@3.22.4)
    transitivePeerDependencies:
      - bufferutil
      - c-kzg
      - typescript
      - utf-8-validate
      - zod
    dev: false

  /@tevm/viem@1.0.0-next.39(viem@2.7.10):
    resolution: {integrity: sha512-0yc/8EN07HWR4xXQpCSXD6wr7WjUEu42OlzQaR/DnE7O9ZYGlftbJGPXGW6mArYDk4EZF/k5z483bzdLVTD5+w==}
    peerDependencies:
      viem: 2.x.x
    dependencies:
      '@tevm/jsonrpc': 1.0.0-next.28
      viem: 2.7.10(typescript@5.3.3)(zod@3.22.4)
    dev: false

  /@tevm/vm@1.0.0-next.39(typescript@5.3.3):
    resolution: {integrity: sha512-AbrcG/saUeQFEmlxQzESgKQJNTwPjm1avNfIMHNoeDOoJMhFyCYfjBJh6b3RfoiHwPrMWkAMMMmDrTc6MOYBcA==}
    dependencies:
      '@ethereumjs/vm': 7.2.1
      '@tevm/blockchain': 1.0.0-next.39
      '@tevm/common': 1.0.0-next.39
      '@tevm/evm': 1.0.0-next.39(typescript@5.3.3)
    transitivePeerDependencies:
      - bufferutil
      - c-kzg
      - supports-color
      - typescript
      - utf-8-validate
      - zod
    dev: false

  /@tevm/zod@1.0.0-next.39(typescript@5.3.3):
    resolution: {integrity: sha512-DW6ATAZYAVGJuZNCao9aPizqcht0EGdZl86iQmExeJspDMsEw2+tijhNE4If//I282O5RJa+qo2NvA1ocVwsIA==}
    dependencies:
      abitype: 1.0.0(typescript@5.3.3)(zod@3.22.4)
      viem: 2.7.10(typescript@5.3.3)(zod@3.22.4)
      zod: 3.22.4
    transitivePeerDependencies:
      - bufferutil
      - typescript
      - utf-8-validate
    dev: false

  /@tsconfig/node10@1.0.9:
    resolution: {integrity: sha512-jNsYVVxU8v5g43Erja32laIDHXeoNvFEpX33OK4d6hljo3jDhCBDhx5dhCCTMWUojscpAagGiRkBKxpdl9fxqA==}
    dev: true

  /@tsconfig/node12@1.0.11:
    resolution: {integrity: sha512-cqefuRsh12pWyGsIoBKJA9luFu3mRxCA+ORZvA4ktLSzIuCUtWVxGIuXigEwO5/ywWFMZ2QEGKWvkZG1zDMTag==}
    dev: true

  /@tsconfig/node14@1.0.3:
    resolution: {integrity: sha512-ysT8mhdixWK6Hw3i1V2AeRqZ5WfXg1G43mqoYlM2nc6388Fq5jcXyr5mRsqViLx/GJYdoL0bfXD8nmF+Zn/Iow==}
    dev: true

  /@tsconfig/node16@1.0.4:
    resolution: {integrity: sha512-vxhUy4J8lyeyinH7Azl1pdd43GJhZH/tP2weN8TntQblOY+A0XbT8DJk1/oCPuOOyg/Ja757rG0CgHcWC8OfMA==}
    dev: true

  /@types/debug@4.1.12:
    resolution: {integrity: sha512-vIChWdVG3LG1SMxEvI/AK+FWJthlrqlTu7fbrlywTkkaONwk/UAGaULXRlf8vkzFBLVm0zkMdCquhL5aOjhXPQ==}
    dependencies:
      '@types/ms': 0.7.34
    dev: false

  /@types/ms@0.7.34:
    resolution: {integrity: sha512-nG96G3Wp6acyAgJqGasjODb+acrI7KltPiRxzHPXnP3NgI28bpQDRv53olbqGXbfcgF5aiiHmO3xpwEpS5Ld9g==}
    dev: false

  /@types/node@10.17.60:
    resolution: {integrity: sha512-F0KIgDJfy2nA3zMLmWGKxcH2ZVEtCZXHHdOQs2gSaQ27+lNeEfGxzkIw90aXswATX7AZ33tahPbzy6KAfUreVw==}
    dev: false

  /@types/node@20.11.19:
    resolution: {integrity: sha512-7xMnVEcZFu0DikYjWOlRq7NTPETrm7teqUT2WkQjrTIkEgUyyGdWsj/Zg8bEJt5TNklzbPD1X3fqfsHw3SpapQ==}
    dependencies:
      undici-types: 5.26.5

  /@types/readable-stream@2.3.15:
    resolution: {integrity: sha512-oM5JSKQCcICF1wvGgmecmHldZ48OZamtMxcGGVICOJA8o8cahXC1zEVAif8iwoc5j8etxFaRFnf095+CDsuoFQ==}
    dependencies:
      '@types/node': 20.11.19
      safe-buffer: 5.1.2
    dev: false

  /abitype@1.0.0(typescript@5.3.3)(zod@3.22.4):
    resolution: {integrity: sha512-NMeMah//6bJ56H5XRj8QCV4AwuW6hB6zqz2LnhhLdcWVQOsXki6/Pn3APeqxCma62nXIcmZWdu1DlHWS74umVQ==}
    peerDependencies:
      typescript: '>=5.0.4'
      zod: ^3 >=3.22.0
    peerDependenciesMeta:
      typescript:
        optional: true
      zod:
        optional: true
    dependencies:
      typescript: 5.3.3
      zod: 3.22.4
    dev: false

  /acorn-walk@8.3.2:
    resolution: {integrity: sha512-cjkyv4OtNCIeqhHrfS81QWXoCBPExR/J62oyEqepVw8WaQeSqpW2uhuLPh1m9eWhDuOo/jUXVTlifvesOWp/4A==}
    engines: {node: '>=0.4.0'}
    dev: true

  /acorn@8.11.3:
    resolution: {integrity: sha512-Y9rRfJG5jcKOE0CLisYbojUjIrIEE7AGMzA/Sm4BslANhbS+cDMpgBdcPT91oJ7OuJ9hYJBx59RjbhxVnrF8Xg==}
    engines: {node: '>=0.4.0'}
    hasBin: true
    dev: true

  /arg@4.1.3:
    resolution: {integrity: sha512-58S9QDqG0Xx27YwPSt9fJxivjYl432YCwfDMfZ+71RAqUrZef7LrKQZ3LHLOwCS4FLNBplP533Zx895SeOCHvA==}
    dev: true

  /bigint-crypto-utils@3.3.0:
    resolution: {integrity: sha512-jOTSb+drvEDxEq6OuUybOAv/xxoh3cuYRUIPyu8sSHQNKM303UQ2R1DAo45o1AkcIXw6fzbaFI1+xGGdaXs2lg==}
    engines: {node: '>=14.0.0'}
    dev: false

  /create-require@1.1.1:
    resolution: {integrity: sha512-dcKFX3jn0MpIaXjisoRvexIJVEKzaq7z2rZKxf+MSr9TkdmHmsU4m2lcLojrj/FHl8mk5VxMmYA+ftRkP/3oKQ==}
    dev: true

  /debug@4.3.4:
    resolution: {integrity: sha512-PRWFHuSU3eDtQJPvnNY7Jcket1j0t5OuOsFzPPzsekD52Zl8qUfFIPEiswXqIvHWGVHOgX+7G/vCNNhehwxfkQ==}
    engines: {node: '>=6.0'}
    peerDependencies:
      supports-color: '*'
    peerDependenciesMeta:
      supports-color:
        optional: true
    dependencies:
      ms: 2.1.2
    dev: false

  /diff@4.0.2:
    resolution: {integrity: sha512-58lmxKSA4BNyLz+HHMUzlOEpg09FV+ev6ZMe3vJihgdxzgcwZ8VoEEPmALCZG9LmqfVoNMMKpttIYTVG6uDY7A==}
    engines: {node: '>=0.3.1'}
    dev: true

  /ethereum-cryptography@2.1.3:
    resolution: {integrity: sha512-BlwbIL7/P45W8FGW2r7LGuvoEZ+7PWsniMvQ4p5s2xCyw9tmaDlpfsN9HjAucbF+t/qpVHwZUisgfK24TCW8aA==}
    dependencies:
      '@noble/curves': 1.3.0
      '@noble/hashes': 1.3.3
      '@scure/bip32': 1.3.3
      '@scure/bip39': 1.2.2
    dev: false

  /inherits@2.0.4:
    resolution: {integrity: sha512-k/vGaX4/Yla3WzyMCvTQOXYeIHvqOKtnqBduzTHpzpQZzAskKMhZ2K+EnBiSM9zGSoIFeMpXKxa4dYeZIQqewQ==}
    dev: false

  /isows@1.0.3(ws@8.13.0):
    resolution: {integrity: sha512-2cKei4vlmg2cxEjm3wVSqn8pcoRF/LX/wpifuuNquFO4SQmPwarClT+SUCA2lt+l581tTeZIPIZuIDo2jWN1fg==}
    peerDependencies:
      ws: '*'
    dependencies:
      ws: 8.13.0
    dev: false

  /js-sdsl@4.4.2:
    resolution: {integrity: sha512-dwXFwByc/ajSV6m5bcKAPwe4yDDF6D614pxmIi5odytzxRlwqF6nwoiCek80Ixc7Cvma5awClxrzFtxCQvcM8w==}
    dev: false

  /lru-cache@10.2.0:
    resolution: {integrity: sha512-2bIM8x+VAf6JT4bKAljS1qUWgMsqZRPGJS6FSahIMPVvctcNhyVp7AJu7quxOW9jwkryBReKZY5tY5JYv2n/7Q==}
    engines: {node: 14 || >=16.14}
    dev: false

  /make-error@1.3.6:
    resolution: {integrity: sha512-s8UhlNe7vPKomQhC1qFelMokr/Sc3AgNbso3n74mVPA5LTZwkB9NlXf4XPamLxJE8h0gh73rM94xvwRT2CVInw==}
    dev: true

  /ms@2.1.2:
    resolution: {integrity: sha512-sGkPx+VjMtmA6MX27oA4FBFELFCZZ4S4XqeGOXCv68tT+jb3vk/RyaKWP0PTKyWtmLSM0b+adUTEvbs1PEaH2w==}
    dev: false

  /node-ts@6.0.1:
    resolution: {integrity: sha512-nxFz4tJYv9Yu6u4e3B1rmfh45Zmge7rD/MlTA5V98+Q5eFsqzCWTWDYvbrNEPGtnzhkqNLk4E2r3C6VSfNoZNQ==}
    engines: {node: '>=18.0.0'}
    dependencies:
      '@rauschma/stringio': 1.4.0
      '@types/node': 20.11.19
    dev: false

  /readable-stream@3.6.2:
    resolution: {integrity: sha512-9u/sniCrY3D5WdsERHzHE4G2YCXqoG5FTHUiCC4SIbr6XcLZBY05ya9EKjYek9O5xOAwjGq+1JdGBAS7Q9ScoA==}
    engines: {node: '>= 6'}
    dependencies:
      inherits: 2.0.4
      string_decoder: 1.3.0
      util-deprecate: 1.0.2
    dev: false

  /rust-verkle-wasm@0.0.1:
    resolution: {integrity: sha512-BN6fiTsxcd2dCECz/cHtGTt9cdLJR925nh7iAuRcj8ymKw7OOaPmCneQZ7JePOJ/ia27TjEL91VdOi88Yf+mcA==}
    dev: false

  /rustbn-wasm@0.2.0:
    resolution: {integrity: sha512-FThvYFNTqrEKGqXuseeg0zR7yROh/6U1617mCHF68OVqrN1tNKRN7Tdwy4WayPVsCmmK+eMxtIZX1qL6JxTkMg==}
    dependencies:
      '@scure/base': 1.1.5
    dev: false

  /safe-buffer@5.1.2:
    resolution: {integrity: sha512-Gd2UZBJDkXlY7GbJxfsE8/nvKkUEU1G38c1siN6QP6a9PT9MmHB8GnpscSmMJSoF8LOIrt8ud/wPtojys4G6+g==}
    dev: false

  /safe-buffer@5.2.1:
    resolution: {integrity: sha512-rp3So07KcdmmKbGvgaNxQSJr7bGVSVk5S9Eq1F+ppbRo70+YeaDxkw5Dd8NPN+GD6bjnYm2VuPuCXmpuYvmCXQ==}
    dev: false

  /string_decoder@1.3.0:
    resolution: {integrity: sha512-hkRX8U1WjJFd8LsDJ2yQ/wWWxaopEsABU1XfkM8A+j0+85JAGppt16cr1Whg6KIbb4okU6Mql6BOj+uup/wKeA==}
    dependencies:
      safe-buffer: 5.2.1
    dev: false

  /tevm@1.0.0-next.39(typescript@5.3.3):
    resolution: {integrity: sha512-FISff8TMUCEg5jiLlyVjOPPBo9arQwrCXX6DZiJRz/Fn4iSOfdhS8uNLe4w3BdJm70bmYIHYguwfgRhVGAoUYQ==}
    dependencies:
      '@tevm/actions-types': 1.0.0-next.39
      '@tevm/base-client': 1.0.0-next.39(typescript@5.3.3)
      '@tevm/client-types': 1.0.0-next.39(typescript@5.3.3)
      '@tevm/contract': 1.0.0-next.39(typescript@5.3.3)
      '@tevm/decorators': 1.0.0-next.39(typescript@5.3.3)
      '@tevm/errors': 1.0.0-next.28
      '@tevm/http-client': 1.0.0-next.39(typescript@5.3.3)
      '@tevm/jsonrpc': 1.0.0-next.28
      '@tevm/memory-client': 1.0.0-next.39(typescript@5.3.3)
      '@tevm/precompiles': 1.0.0-next.39(typescript@5.3.3)
      '@tevm/predeploys': 1.0.0-next.39(typescript@5.3.3)
      '@tevm/procedures-types': 1.0.0-next.39(typescript@5.3.3)
      '@tevm/server': 1.0.0-next.39(typescript@5.3.3)
      '@tevm/state': 1.0.0-next.39(typescript@5.3.3)
      '@tevm/utils': 1.0.0-next.39(typescript@5.3.3)
    transitivePeerDependencies:
      - bufferutil
      - c-kzg
      - supports-color
      - typescript
      - utf-8-validate
      - zod
    dev: false

  /ts-node@10.9.2(@types/node@20.11.19)(typescript@5.3.3):
    resolution: {integrity: sha512-f0FFpIdcHgn8zcPSbf1dRevwt047YMnaiJM3u2w2RewrB+fob/zePZcrOyQoLMMO7aBIddLcQIEK5dYjkLnGrQ==}
    hasBin: true
    peerDependencies:
      '@swc/core': '>=1.2.50'
      '@swc/wasm': '>=1.2.50'
      '@types/node': '*'
      typescript: '>=2.7'
    peerDependenciesMeta:
      '@swc/core':
        optional: true
      '@swc/wasm':
        optional: true
    dependencies:
      '@cspotcode/source-map-support': 0.8.1
      '@tsconfig/node10': 1.0.9
      '@tsconfig/node12': 1.0.11
      '@tsconfig/node14': 1.0.3
      '@tsconfig/node16': 1.0.4
      '@types/node': 20.11.19
      acorn: 8.11.3
      acorn-walk: 8.3.2
      arg: 4.1.3
      create-require: 1.1.1
      diff: 4.0.2
      make-error: 1.3.6
      typescript: 5.3.3
      v8-compile-cache-lib: 3.0.1
      yn: 3.1.1
    dev: true

  /typescript@5.3.3:
    resolution: {integrity: sha512-pXWcraxM0uxAS+tN0AG/BF2TyqmHO014Z070UsJ+pFvYuRSq8KH8DmWpnbXe0pEPDHXZV3FcAbJkijJ5oNEnWw==}
    engines: {node: '>=14.17'}
    hasBin: true

  /undici-types@5.26.5:
    resolution: {integrity: sha512-JlCMO+ehdEIKqlFxk6IfVoAUVmgz7cU7zD/h9XZ0qzeosSHmUJVOzSQvvYSYWXkFXC+IfLKSIffhv0sVZup6pA==}

  /util-deprecate@1.0.2:
    resolution: {integrity: sha512-EPD5q1uXyFxJpCrLnCc1nHnq3gOa6DZBocAIiI2TaSCA7VCJ1UJDMagCzIkXNsUYfD1daK//LTEQ8xiIbrHtcw==}
    dev: false

  /v8-compile-cache-lib@3.0.1:
    resolution: {integrity: sha512-wa7YjyUGfNZngI/vtK0UHAN+lgDCxBPCylVXGp0zu59Fz5aiGtNXaq3DhIov063MorB+VfufLh3JlF2KdTK3xg==}
    dev: true

  /viem@2.7.10(typescript@5.3.3)(zod@3.22.4):
    resolution: {integrity: sha512-mpm/A3Rbq6hhRovOw6btkrLeDe0DlEGLoCmO2LCbH/MuTQgLNd0cWJSIov9TL/8/Pz+qC2e+bh9zohQnKA+6PQ==}
    peerDependencies:
      typescript: '>=5.0.4'
    peerDependenciesMeta:
      typescript:
        optional: true
    dependencies:
      '@adraffy/ens-normalize': 1.10.0
      '@noble/curves': 1.2.0
      '@noble/hashes': 1.3.2
      '@scure/bip32': 1.3.2
      '@scure/bip39': 1.2.1
      abitype: 1.0.0(typescript@5.3.3)(zod@3.22.4)
      isows: 1.0.3(ws@8.13.0)
      typescript: 5.3.3
      ws: 8.13.0
    transitivePeerDependencies:
      - bufferutil
      - utf-8-validate
      - zod
    dev: false

  /ws@8.13.0:
    resolution: {integrity: sha512-x9vcZYTrFPC7aSIbj7sRCYo7L/Xb8Iy+pW0ng0wt2vCJv7M9HOMy0UoN3rr+IFC7hb7vXoqS+P9ktyLLLhO+LA==}
    engines: {node: '>=10.0.0'}
    peerDependencies:
      bufferutil: ^4.0.1
      utf-8-validate: '>=5.0.2'
    peerDependenciesMeta:
      bufferutil:
        optional: true
      utf-8-validate:
        optional: true
    dev: false

  /yn@3.1.1:
    resolution: {integrity: sha512-Ux4ygGWsu2c7isFWe8Yu1YluJmqVhxqK2cLXNQA5AcC3QfbGNpM7fu0Y8b/z16pXLnFxZYvWhd3fhBY9DLmC6Q==}
    engines: {node: '>=6'}
    dev: true

  /zod@3.22.4:
    resolution: {integrity: sha512-iC+8Io04lddc+mVqQ9AZ7OQ2MrUKGN+oIQyq1vemgt46jwCwLfhq7/pwnBnNXXXZb8VTVLKwp9EDkx+ryxIWmg==}
    dev: false
